# THIS IS AN AUTOGENERATED FILE. DO NOT EDIT THIS FILE DIRECTLY.
# yarn lockfile v1


"@deno/darwin-arm64@2.6.3":
  version "2.6.3"
  resolved "https://registry.yarnpkg.com/@deno/darwin-arm64/-/darwin-arm64-2.6.3.tgz#48de70627ff47f117ea21ff1fe644e692009caaa"
  integrity sha512-HnmC8MR1ZN8nT7f74GpTHsjK2cH1nmTvAt3fqwuw8Vu7BNYJzk5C9Ba1d3y62Du4PtC8b8zhtGFuHeKyg8Xw3g==

"@deno/darwin-x64@2.6.3":
  version "2.6.3"
  resolved "https://registry.yarnpkg.com/@deno/darwin-x64/-/darwin-x64-2.6.3.tgz#f2358c0bb1527f16e3cef29aa769b5973602fc10"
  integrity sha512-vdtekIcP9H6gPE8+q4Rtbfvva66mC71Kf6ZMzxbhaThGYwrfhQUmw5lYafrxK64A1jdMpUN1QKuNveqMbj/PQQ==

"@deno/linux-arm64-glibc@2.6.3":
  version "2.6.3"
  resolved "https://registry.yarnpkg.com/@deno/linux-arm64-glibc/-/linux-arm64-glibc-2.6.3.tgz#26a90cd658a15ef5ef4f08b54e4020d05a81dfa7"
  integrity sha512-2H8s7GJOVEe8PDpL36ajwF5ev/g9nTa1w+JaBqhYsxt5bO6j2lLkzB3HTn4fGwoXVK6BX8TTo2iCymlmLfVWXg==

"@deno/linux-x64-glibc@2.6.3":
  version "2.6.3"
  resolved "https://registry.yarnpkg.com/@deno/linux-x64-glibc/-/linux-x64-glibc-2.6.3.tgz#7a3da851f34175d42d686a3df34306cc4cea7764"
  integrity sha512-pL+HFzKRMf1IOubB2Ikd/MY2xFQ+/UEh6BSgzf3zQGuIo0mkzAfs6V0pMi3KU6bNHsdqoKLto9S2gZoY2JfjVg==

"@deno/win32-arm64@2.6.3":
  version "2.6.3"
  resolved "https://registry.yarnpkg.com/@deno/win32-arm64/-/win32-arm64-2.6.3.tgz#d853b3de96eee92fadef38daa1b7652519cc225e"
  integrity sha512-pKzxQjbdpXHzONvrPj2rsccP45z11R7JIznYzzcCdAHCAAtttB6448m6Y8iYHbFPO8zB8HeYK9McPRCPxCTqKg==

"@deno/win32-x64@2.6.3":
  version "2.6.3"
  resolved "https://registry.yarnpkg.com/@deno/win32-x64/-/win32-x64-2.6.3.tgz#9cce43635ab8cadc98ae041b9adb53ef9ef10666"
  integrity sha512-zTyL9qn3KZx5EUPnYFl2BzUhErtzWSvyzZcHzTOGYR7P39vLtWE0YlCeNIutGZmyomwAIvK+98KV4YMB7kggmw==

deno@2.6.3:
  version "2.6.3"
  resolved "https://registry.yarnpkg.com/deno/-/deno-2.6.3.tgz#156ae88e8260f0883806fc6c145544dacc13e5e6"
  integrity sha512-5fNkOLa7wagUFgQaF6WEu5zJuxIdIogn7IvuYvjVaA2CHrW117p5l7Y6GS0ZYvBJZgeugf/l0VCWQ7TpYGcMPQ==
  optionalDependencies:
    "@deno/darwin-arm64" "2.6.3"
    "@deno/darwin-x64" "2.6.3"
    "@deno/linux-arm64-glibc" "2.6.3"
    "@deno/linux-x64-glibc" "2.6.3"
    "@deno/win32-arm64" "2.6.3"
    "@deno/win32-x64" "2.6.3"

pyodide@0.28.1:
  version "0.28.1"
  resolved "https://registry.yarnpkg.com/pyodide/-/pyodide-0.28.1.tgz#1780394b8d858b817b15658d80a200a977a3c8aa"
  integrity sha512-7O1jZdfUc4/9PAKzEIyLOh3yhxknTWA8xQaCfZ4R56pOnchS909x2sqt2Wh+qHf+b7MzyB8igE5ZzYdP1pZN5w==
  dependencies:
    ws "^8.5.0"

ws@^8.5.0:
  version "8.20.0"
  resolved "https://registry.yarnpkg.com/ws/-/ws-8.20.0.tgz#4cd9532358eba60bc863aad1623dfb045a4d4af8"
  integrity sha512-sAt8BhgNbzCtgGbt2OxmpuryO63ZoDk/sqaB/znQm94T4fCEsy/yV+7CdC1kJhOU9lboAEU7R3kquuycDoibVA==
